
Microsoft Visual Studio Solution File, Format Version 12.00
# Visual Studio Version 17
VisualStudioVersion = 17.2.32526.322
MinimumVisualStudioVersion = 10.0.40219.1
Project("{FAE04EC0-301F-11D3-BF4B-00C04F79EFBC}") = "FormsAuthentication", "FormsAuthentication\FormsAuthentication.csproj", "{94444E7F-D493-4A0B-9712-772A1F04FF88}"
EndProject
Global
	GlobalSection(SolutionConfigurationPlatforms) = preSolution
		Debug|Any CPU = Debug|Any CPU
		Release|Any CPU = Release|Any CPU
	EndGlobalSection
	GlobalSection(ProjectConfigurationPlatforms) = postSolution
		{94444E7F-D493-4A0B-9712-772A1F04FF88}.Debug|Any CPU.ActiveCfg = Debug|Any CPU
		{94444E7F-D493-4A0B-9712-772A1F04FF88}.Debug|Any CPU.Build.0 = Debug|Any CPU
		{94444E7F-D493-4A0B-9712-772A1F04FF88}.Release|Any CPU.ActiveCfg = Release|Any CPU
		{94444E7F-D493-4A0B-9712-772A1F04FF88}.Release|Any CPU.Build.0 = Release|Any CPU
	EndGlobalSection
	GlobalSection(SolutionProperties) = preSolution
		HideSolutionNode = FALSE
	EndGlobalSection
	GlobalSection(ExtensibilityGlobals) = postSolution
		SolutionGuid = {362E7A2D-7995-43A9-A275-767DDB02C025}
	EndGlobalSection
EndGlobal
